// !$*UTF8*$!
{
	archiveVersion = 1;
	classes = {
	};
	objectVersion = 46;
	objects = {

/* Begin PBXBuildFile section */
		20634167160C4DF80005B827 /* AdditionOfTwoArray.java in Sources */ = {isa = PBXBuildFile; fileRef = 20634166160C4DF80005B827 /* AdditionOfTwoArray.java */; };
		207587FE160B2195008461E3 /* UIKit.framework in Frameworks */ = {isa = PBXBuildFile; fileRef = 207587FD160B2195008461E3 /* UIKit.framework */; };
		20758800160B2195008461E3 /* Foundation.framework in Frameworks */ = {isa = PBXBuildFile; fileRef = 207587FF160B2195008461E3 /* Foundation.framework */; };
		20758802160B2195008461E3 /* CoreGraphics.framework in Frameworks */ = {isa = PBXBuildFile; fileRef = 20758801160B2195008461E3 /* CoreGraphics.framework */; };
		20758808160B2195008461E3 /* InfoPlist.strings in Resources */ = {isa = PBXBuildFile; fileRef = 20758806160B2195008461E3 /* InfoPlist.strings */; };
		2075880A160B2195008461E3 /* main.m in Sources */ = {isa = PBXBuildFile; fileRef = 20758809160B2195008461E3 /* main.m */; };
		2075880E160B2195008461E3 /* AppDelegate.m in Sources */ = {isa = PBXBuildFile; fileRef = 2075880D160B2195008461E3 /* AppDelegate.m */; };
		20758811160B2195008461E3 /* ViewController.m in Sources */ = {isa = PBXBuildFile; fileRef = 20758810160B2195008461E3 /* ViewController.m */; };
		20758814160B2195008461E3 /* ViewController.xib in Resources */ = {isa = PBXBuildFile; fileRef = 20758812160B2195008461E3 /* ViewController.xib */; };
		20E54EB6160B4E2200935D7C /* libjre_emul.a in Frameworks */ = {isa = PBXBuildFile; fileRef = 20E54EB3160B4E0B00935D7C /* libjre_emul.a */; };
/* End PBXBuildFile section */

/* Begin PBXBuildRule section */
		2075881A160B21BD008461E3 /* PBXBuildRule */ = {
			isa = PBXBuildRule;
			compilerSpec = com.apple.compilers.proxy.script;
			fileType = sourcecode.java;
			isEditable = 1;
			outputFiles = (
				"${DERIVED_FILES_DIR}/${INPUT_FILE_BASE}.h",
				"${DERIVED_FILES_DIR}/${INPUT_FILE_BASE}.m",
			);
			script = "/Users/Nandini/Data/J2Objc/Distribution/j2objc-0.5.2/dist/j2objc -d ${DERIVED_FILES_DIR} ${INPUT_FILE_PATH};";
		};
/* End PBXBuildRule section */

/* Begin PBXContainerItemProxy section */
		20E54EB2160B4E0B00935D7C /* PBXContainerItemProxy */ = {
			isa = PBXContainerItemProxy;
			containerPortal = 20E54EA8160B4E0A00935D7C /* JreEmulation.xcodeproj */;
			proxyType = 2;
			remoteGlobalIDString = 06619385155848D70004DAFE;
			remoteInfo = jre_emul;
		};
		20E54EB4160B4E0B00935D7C /* PBXContainerItemProxy */ = {
			isa = PBXContainerItemProxy;
			containerPortal = 20E54EA8160B4E0A00935D7C /* JreEmulation.xcodeproj */;
			proxyType = 2;
			remoteGlobalIDString = 0672177F15587E2C00645E1B;
			remoteInfo = jre_emul_tests;
		};
		20E54EB9160B4EB600935D7C /* PBXContainerItemProxy */ = {
			isa = PBXContainerItemProxy;
			containerPortal = 20E54EA8160B4E0A00935D7C /* JreEmulation.xcodeproj */;
			proxyType = 1;
			remoteGlobalIDString = 06619384155848D70004DAFE;
			remoteInfo = jre_emul;
		};
/* End PBXContainerItemProxy section */

/* Begin PBXFileReference section */
		20634166160C4DF80005B827 /* AdditionOfTwoArray.java */ = {isa = PBXFileReference; fileEncoding = 4; lastKnownFileType = sourcecode.java; name = AdditionOfTwoArray.java; path = ../../../../Documents/workspace/Sample/src/AdditionOfTwoArray.java; sourceTree = "<group>"; };
		207587F9160B2195008461E3 /* SampleTest.app */ = {isa = PBXFileReference; explicitFileType = wrapper.application; includeInIndex = 0; path = SampleTest.app; sourceTree = BUILT_PRODUCTS_DIR; };
		207587FD160B2195008461E3 /* UIKit.framework */ = {isa = PBXFileReference; lastKnownFileType = wrapper.framework; name = UIKit.framework; path = System/Library/Frameworks/UIKit.framework; sourceTree = SDKROOT; };
		207587FF160B2195008461E3 /* Foundation.framework */ = {isa = PBXFileReference; lastKnownFileType = wrapper.framework; name = Foundation.framework; path = System/Library/Frameworks/Foundation.framework; sourceTree = SDKROOT; };
		20758801160B2195008461E3 /* CoreGraphics.framework */ = {isa = PBXFileReference; lastKnownFileType = wrapper.framework; name = CoreGraphics.framework; path = System/Library/Frameworks/CoreGraphics.framework; sourceTree = SDKROOT; };
		20758805160B2195008461E3 /* SampleTest-Info.plist */ = {isa = PBXFileReference; lastKnownFileType = text.plist.xml; path = "SampleTest-Info.plist"; sourceTree = "<group>"; };
		20758807160B2195008461E3 /* en */ = {isa = PBXFileReference; lastKnownFileType = text.plist.strings; name = en; path = en.lproj/InfoPlist.strings; sourceTree = "<group>"; };
		20758809160B2195008461E3 /* main.m */ = {isa = PBXFileReference; lastKnownFileType = sourcecode.c.objc; path = main.m; sourceTree = "<group>"; };
		2075880B160B2195008461E3 /* SampleTest-Prefix.pch */ = {isa = PBXFileReference; lastKnownFileType = sourcecode.c.h; path = "SampleTest-Prefix.pch"; sourceTree = "<group>"; };
		2075880C160B2195008461E3 /* AppDelegate.h */ = {isa = PBXFileReference; lastKnownFileType = sourcecode.c.h; path = AppDelegate.h; sourceTree = "<group>"; };
		2075880D160B2195008461E3 /* AppDelegate.m */ = {isa = PBXFileReference; lastKnownFileType = sourcecode.c.objc; path = AppDelegate.m; sourceTree = "<group>"; };
		2075880F160B2195008461E3 /* ViewController.h */ = {isa = PBXFileReference; lastKnownFileType = sourcecode.c.h; path = ViewController.h; sourceTree = "<group>"; };
		20758810160B2195008461E3 /* ViewController.m */ = {isa = PBXFileReference; lastKnownFileType = sourcecode.c.objc; path = ViewController.m; sourceTree = "<group>"; };
		20758813160B2195008461E3 /* en */ = {isa = PBXFileReference; lastKnownFileType = file.xib; name = en; path = en.lproj/ViewController.xib; sourceTree = "<group>"; };
		20E54EA8160B4E0A00935D7C /* JreEmulation.xcodeproj */ = {isa = PBXFileReference; lastKnownFileType = "wrapper.pb-project"; name = JreEmulation.xcodeproj; path = "../../Distribution/j2objc-0.5.2/jre_emul/JreEmulation.xcodeproj"; sourceTree = "<group>"; };
/* End PBXFileReference section */

/* Begin PBXFrameworksBuildPhase section */
		207587F6160B2195008461E3 /* Frameworks */ = {
			isa = PBXFrameworksBuildPhase;
			buildActionMask = 2147483647;
			files = (
				20E54EB6160B4E2200935D7C /* libjre_emul.a in Frameworks */,
				207587FE160B2195008461E3 /* UIKit.framework in Frameworks */,
				20758800160B2195008461E3 /* Foundation.framework in Frameworks */,
				20758802160B2195008461E3 /* CoreGraphics.framework in Frameworks */,
			);
			runOnlyForDeploymentPostprocessing = 0;
		};
/* End PBXFrameworksBuildPhase section */

/* Begin PBXGroup section */
		207587EE160B2195008461E3 = {
			isa = PBXGroup;
			children = (
				20634166160C4DF80005B827 /* AdditionOfTwoArray.java */,
				20E54EA8160B4E0A00935D7C /* JreEmulation.xcodeproj */,
				20758803160B2195008461E3 /* SampleTest */,
				207587FC160B2195008461E3 /* Frameworks */,
				207587FA160B2195008461E3 /* Products */,
			);
			sourceTree = "<group>";
		};
		207587FA160B2195008461E3 /* Products */ = {
			isa = PBXGroup;
			children = (
				207587F9160B2195008461E3 /* SampleTest.app */,
			);
			name = Products;
			sourceTree = "<group>";
		};
		207587FC160B2195008461E3 /* Frameworks */ = {
			isa = PBXGroup;
			children = (
				207587FD160B2195008461E3 /* UIKit.framework */,
				207587FF160B2195008461E3 /* Foundation.framework */,
				20758801160B2195008461E3 /* CoreGraphics.framework */,
			);
			name = Frameworks;
			sourceTree = "<group>";
		};
		20758803160B2195008461E3 /* SampleTest */ = {
			isa = PBXGroup;
			children = (
				2075880C160B2195008461E3 /* AppDelegate.h */,
				2075880D160B2195008461E3 /* AppDelegate.m */,
				2075880F160B2195008461E3 /* ViewController.h */,
				20758810160B2195008461E3 /* ViewController.m */,
				20758812160B2195008461E3 /* ViewController.xib */,
				20758804160B2195008461E3 /* Supporting Files */,
			);
			path = SampleTest;
			sourceTree = "<group>";
		};
		20758804160B2195008461E3 /* Supporting Files */ = {
			isa = PBXGroup;
			children = (
				20758805160B2195008461E3 /* SampleTest-Info.plist */,
				20758806160B2195008461E3 /* InfoPlist.strings */,
				20758809160B2195008461E3 /* main.m */,
				2075880B160B2195008461E3 /* SampleTest-Prefix.pch */,
			);
			name = "Supporting Files";
			sourceTree = "<group>";
		};
		20E54EA9160B4E0A00935D7C /* Products */ = {
			isa = PBXGroup;
			children = (
				20E54EB3160B4E0B00935D7C /* libjre_emul.a */,
				20E54EB5160B4E0B00935D7C /* jre_emul_tests.octest */,
			);
			name = Products;
			sourceTree = "<group>";
		};
/* End PBXGroup section */

/* Begin PBXNativeTarget section */
		207587F8160B2195008461E3 /* SampleTest */ = {
			isa = PBXNativeTarget;
			buildConfigurationList = 20758817160B2195008461E3 /* Build configuration list for PBXNativeTarget "SampleTest" */;
			buildPhases = (
				207587F5160B2195008461E3 /* Sources */,
				207587F6160B2195008461E3 /* Frameworks */,
				207587F7160B2195008461E3 /* Resources */,
			);
			buildRules = (
				2075881A160B21BD008461E3 /* PBXBuildRule */,
			);
			dependencies = (
				20E54EBA160B4EB600935D7C /* PBXTargetDependency */,
			);
			name = SampleTest;
			productName = SampleTest;
			productReference = 207587F9160B2195008461E3 /* SampleTest.app */;
			productType = "com.apple.product-type.application";
		};
/* End PBXNativeTarget section */

/* Begin PBXProject section */
		207587F0160B2195008461E3 /* Project object */ = {
			isa = PBXProject;
			attributes = {
				LastUpgradeCheck = 0440;
				ORGANIZATIONNAME = "Nandini Tomke";
			};
			buildConfigurationList = 207587F3160B2195008461E3 /* Build configuration list for PBXProject "SampleTest" */;
			compatibilityVersion = "Xcode 3.2";
			developmentRegion = English;
			hasScannedForEncodings = 0;
			knownRegions = (
				en,
			);
			mainGroup = 207587EE160B2195008461E3;
			productRefGroup = 207587FA160B2195008461E3 /* Products */;
			projectDirPath = "";
			projectReferences = (
				{
					ProductGroup = 20E54EA9160B4E0A00935D7C /* Products */;
					ProjectRef = 20E54EA8160B4E0A00935D7C /* JreEmulation.xcodeproj */;
				},
			);
			projectRoot = "";
			targets = (
				207587F8160B2195008461E3 /* SampleTest */,
			);
		};
/* End PBXProject section */

/* Begin PBXReferenceProxy section */
		20E54EB3160B4E0B00935D7C /* libjre_emul.a */ = {
			isa = PBXReferenceProxy;
			fileType = archive.ar;
			path = libjre_emul.a;
			remoteRef = 20E54EB2160B4E0B00935D7C /* PBXContainerItemProxy */;
			sourceTree = BUILT_PRODUCTS_DIR;
		};
		20E54EB5160B4E0B00935D7C /* jre_emul_tests.octest */ = {
			isa = PBXReferenceProxy;
			fileType = wrapper.cfbundle;
			path = jre_emul_tests.octest;
			remoteRef = 20E54EB4160B4E0B00935D7C /* PBXContainerItemProxy */;
			sourceTree = BUILT_PRODUCTS_DIR;
		};
/* End PBXReferenceProxy section */

/* Begin PBXResourcesBuildPhase section */
		207587F7160B2195008461E3 /* Resources */ = {
			isa = PBXResourcesBuildPhase;
			buildActionMask = 2147483647;
			files = (
				20758808160B2195008461E3 /* InfoPlist.strings in Resources */,
				20758814160B2195008461E3 /* ViewController.xib in Resources */,
			);
			runOnlyForDeploymentPostprocessing = 0;
		};
/* End PBXResourcesBuildPhase section */

/* Begin PBXSourcesBuildPhase section */
		207587F5160B2195008461E3 /* Sources */ = {
			isa = PBXSourcesBuildPhase;
			buildActionMask = 2147483647;
			files = (
				2075880A160B2195008461E3 /* main.m in Sources */,
				2075880E160B2195008461E3 /* AppDelegate.m in Sources */,
				20758811160B2195008461E3 /* ViewController.m in Sources */,
				20634167160C4DF80005B827 /* AdditionOfTwoArray.java in Sources */,
			);
			runOnlyForDeploymentPostprocessing = 0;
		};
/* End PBXSourcesBuildPhase section */

/* Begin PBXTargetDependency section */
		20E54EBA160B4EB600935D7C /* PBXTargetDependency */ = {
			isa = PBXTargetDependency;
			name = jre_emul;
			targetProxy = 20E54EB9160B4EB600935D7C /* PBXContainerItemProxy */;
		};
/* End PBXTargetDependency section */

/* Begin PBXVariantGroup section */
		20758806160B2195008461E3 /* InfoPlist.strings */ = {
			isa = PBXVariantGroup;
			children = (
				20758807160B2195008461E3 /* en */,
			);
			name = InfoPlist.strings;
			sourceTree = "<group>";
		};
		20758812160B2195008461E3 /* ViewController.xib */ = {
			isa = PBXVariantGroup;
			children = (
				20758813160B2195008461E3 /* en */,
			);
			name = ViewController.xib;
			sourceTree = "<group>";
		};
/* End PBXVariantGroup section */

/* Begin XCBuildConfiguration section */
		20758815160B2195008461E3 /* Debug */ = {
			isa = XCBuildConfiguration;
			buildSettings = {
				ALWAYS_SEARCH_USER_PATHS = NO;
				ARCHS = "$(ARCHS_STANDARD_32_BIT)";
				CLANG_CXX_LANGUAGE_STANDARD = "gnu++0x";
				CLANG_ENABLE_OBJC_ARC = YES;
				CLANG_WARN__DUPLICATE_METHOD_MATCH = YES;
				CODE_SIGN_IDENTITY = "iPhone Distribution: NIKUNJ NATU";
				"CODE_SIGN_IDENTITY[sdk=iphoneos*]" = "iPhone Distribution: NIKUNJ NATU";
				COPY_PHASE_STRIP = NO;
				GCC_C_LANGUAGE_STANDARD = gnu99;
				GCC_DYNAMIC_NO_PIC = NO;
				GCC_OPTIMIZATION_LEVEL = 0;
				GCC_PREPROCESSOR_DEFINITIONS = (
					"DEBUG=1",
					"$(inherited)",
				);
				GCC_SYMBOLS_PRIVATE_EXTERN = NO;
				GCC_VERSION = com.apple.compilers.llvm.clang.1_0;
				GCC_WARN_ABOUT_RETURN_TYPE = YES;
				GCC_WARN_UNINITIALIZED_AUTOS = YES;
				GCC_WARN_UNUSED_VARIABLE = YES;
				HEADER_SEARCH_PATHS = "/Users/Nandini/Data/J2Objc/Distribution/j2objc-0.5.2/build_result/include";
				IPHONEOS_DEPLOYMENT_TARGET = 5.0;
				LIBRARY_SEARCH_PATHS = "/Users/Nandini/Data/J2Objc/Distribution/j2objc-0.5.2/dist/lib";
				OTHER_LDFLAGS = (
					"-l",
					jre_emul,
				);
				PROVISIONING_PROFILE = "A167246D-1CD5-4EA1-AD1E-0CE795B0863D";
				"PROVISIONING_PROFILE[sdk=iphoneos*]" = "A167246D-1CD5-4EA1-AD1E-0CE795B0863D";
				SDKROOT = iphoneos;
			};
			name = Debug;
		};
		20758816160B2195008461E3 /* Release */ = {
			isa = XCBuildConfiguration;
			buildSettings = {
				ALWAYS_SEARCH_USER_PATHS = NO;
				ARCHS = "$(ARCHS_STANDARD_32_BIT)";
				CLANG_CXX_LANGUAGE_STANDARD = "gnu++0x";
				CLANG_ENABLE_OBJC_ARC = YES;
				CLANG_WARN__DUPLICATE_METHOD_MATCH = YES;
				CODE_SIGN_IDENTITY = "iPhone Distribution: NIKUNJ NATU";
				"CODE_SIGN_IDENTITY[sdk=iphoneos*]" = "iPhone Distribution: NIKUNJ NATU";
				COPY_PHASE_STRIP = YES;
				GCC_C_LANGUAGE_STANDARD = gnu99;
				GCC_VERSION = com.apple.compilers.llvm.clang.1_0;
				GCC_WARN_ABOUT_RETURN_TYPE = YES;
				GCC_WARN_UNINITIALIZED_AUTOS = YES;
				GCC_WARN_UNUSED_VARIABLE = YES;
				HEADER_SEARCH_PATHS = "/Users/Nandini/Data/J2Objc/Distribution/j2objc-0.5.2/build_result/include";
				IPHONEOS_DEPLOYMENT_TARGET = 5.0;
				LIBRARY_SEARCH_PATHS = "/Users/Nandini/Data/J2Objc/Distribution/j2objc-0.5.2/dist/lib";
				OTHER_CFLAGS = "-DNS_BLOCK_ASSERTIONS=1";
				OTHER_LDFLAGS = (
					"-l",
					jre_emul,
				);
				PROVISIONING_PROFILE = "A167246D-1CD5-4EA1-AD1E-0CE795B0863D";
				"PROVISIONING_PROFILE[sdk=iphoneos*]" = "A167246D-1CD5-4EA1-AD1E-0CE795B0863D";
				SDKROOT = iphoneos;
				VALIDATE_PRODUCT = YES;
			};
			name = Release;
		};
		20758818160B2195008461E3 /* Debug */ = {
			isa = XCBuildConfiguration;
			buildSettings = {
				GCC_PRECOMPILE_PREFIX_HEADER = YES;
				GCC_PREFIX_HEADER = "SampleTest/SampleTest-Prefix.pch";
				HEADER_SEARCH_PATHS = "/Users/Nandini/Data/J2Objc/Distribution/j2objc-0.5.2/build_result/include";
				INFOPLIST_FILE = "SampleTest/SampleTest-Info.plist";
				PRODUCT_NAME = "$(TARGET_NAME)";
				WRAPPER_EXTENSION = app;
			};
			name = Debug;
		};
		20758819160B2195008461E3 /* Release */ = {
			isa = XCBuildConfiguration;
			buildSettings = {
				GCC_PRECOMPILE_PREFIX_HEADER = YES;
				GCC_PREFIX_HEADER = "SampleTest/SampleTest-Prefix.pch";
				HEADER_SEARCH_PATHS = "/Users/Nandini/Data/J2Objc/Distribution/j2objc-0.5.2/build_result/include";
				INFOPLIST_FILE = "SampleTest/SampleTest-Info.plist";
				PRODUCT_NAME = "$(TARGET_NAME)";
				WRAPPER_EXTENSION = app;
			};
			name = Release;
		};
/* End XCBuildConfiguration section */

/* Begin XCConfigurationList section */
		207587F3160B2195008461E3 /* Build configuration list for PBXProject "SampleTest" */ = {
			isa = XCConfigurationList;
			buildConfigurations = (
				20758815160B2195008461E3 /* Debug */,
				20758816160B2195008461E3 /* Release */,
			);
			defaultConfigurationIsVisible = 0;
			defaultConfigurationName = Release;
		};
		20758817160B2195008461E3 /* Build configuration list for PBXNativeTarget "SampleTest" */ = {
			isa = XCConfigurationList;
			buildConfigurations = (
				20758818160B2195008461E3 /* Debug */,
				20758819160B2195008461E3 /* Release */,
			);
			defaultConfigurationIsVisible = 0;
			defaultConfigurationName = Release;
		};
/* End XCConfigurationList section */
	};
	rootObject = 207587F0160B2195008461E3 /* Project object */;
}
